{
  "version": 4,
  "terraform_version": "1.9.0",
  "serial": 9,
  "lineage": "324cc262-174c-85f6-2eb6-e25ad16c569a",
  "outputs": {},
  "resources": [
    {
      "mode": "managed",
      "type": "github_repository",
      "name": "my_website2",
      "provider": "provider[\"registry.terraform.io/hashicorp/github\"]",
      "instances": [
        {
          "status": "tainted",
          "schema_version": 1,
          "attributes": {
            "allow_auto_merge": false,
            "allow_merge_commit": true,
            "allow_rebase_merge": true,
            "allow_squash_merge": true,
            "allow_update_branch": null,
            "archive_on_destroy": null,
            "archived": false,
            "auto_init": null,
            "default_branch": null,
            "delete_branch_on_merge": false,
            "description": "My static website hosted on GitHub Pages",
            "etag": null,
            "full_name": null,
            "git_clone_url": null,
            "gitignore_template": null,
            "has_discussions": null,
            "has_downloads": null,
            "has_issues": null,
            "has_projects": null,
            "has_wiki": null,
            "homepage_url": "https://ji-podhead.github.io/ji-podhead-blog",
            "html_url": null,
            "http_clone_url": null,
            "id": "my-static-website2",
            "ignore_vulnerability_alerts_during_read": null,
            "is_template": null,
            "license_template": null,
            "merge_commit_message": "PR_TITLE",
            "merge_commit_title": "MERGE_MESSAGE",
            "name": "my-static-website2",
            "node_id": null,
            "pages": [],
            "primary_language": null,
            "private": null,
            "repo_id": null,
            "security_and_analysis": null,
            "squash_merge_commit_message": "COMMIT_MESSAGES",
            "squash_merge_commit_title": "COMMIT_OR_PR_TITLE",
            "ssh_clone_url": null,
            "svn_url": null,
            "template": [],
            "topics": [],
            "visibility": null,
            "vulnerability_alerts": null,
            "web_commit_signoff_required": false
          },
          "sensitive_attributes": [],
          "private": "eyJzY2hlbWFfdmVyc2lvbiI6IjEifQ=="
        }
      ]
    },
    {
      "mode": "managed",
      "type": "null_resource",
      "name": "deploy_website",
      "provider": "provider[\"registry.terraform.io/hashicorp/null\"]",
      "instances": [
        {
          "schema_version": 0,
          "attributes": {
            "id": "6102797000444468258",
            "triggers": {
              "always_run": "2024-07-01T02:22:57Z"
            }
          },
          "sensitive_attributes": []
        }
      ]
    }
  ],
  "check_results": null
}
